
Microsoft Visual Studio Solution File, Format Version 12.00
# Visual Studio Version 16
VisualStudioVersion = 16.0.30204.135
MinimumVisualStudioVersion = 10.0.40219.1
Project("{FAE04EC0-301F-11D3-BF4B-00C04F79EFBC}") = "WebApplicationDoorBell", "WebApplicationDoorBell\WebApplicationDoorBell.csproj", "{897FC41E-E069-4A33-83D6-285FD621B49A}"
EndProject
Global
	GlobalSection(SolutionConfigurationPlatforms) = preSolution
		Debug|Any CPU = Debug|Any CPU
		Release|Any CPU = Release|Any CPU
	EndGlobalSection
	GlobalSection(ProjectConfigurationPlatforms) = postSolution
		{897FC41E-E069-4A33-83D6-285FD621B49A}.Debug|Any CPU.ActiveCfg = Debug|Any CPU
		{897FC41E-E069-4A33-83D6-285FD621B49A}.Debug|Any CPU.Build.0 = Debug|Any CPU
		{897FC41E-E069-4A33-83D6-285FD621B49A}.Release|Any CPU.ActiveCfg = Release|Any CPU
		{897FC41E-E069-4A33-83D6-285FD621B49A}.Release|Any CPU.Build.0 = Release|Any CPU
	EndGlobalSection
	GlobalSection(SolutionProperties) = preSolution
		HideSolutionNode = FALSE
	EndGlobalSection
	GlobalSection(ExtensibilityGlobals) = postSolution
		SolutionGuid = {3E8C787E-47FD-4732-9522-62F1DFC2945F}
	EndGlobalSection
EndGlobal
