
Microsoft Visual Studio Solution File, Format Version 12.00
# Visual Studio Version 16
VisualStudioVersion = 16.0.30204.135
MinimumVisualStudioVersion = 10.0.40219.1
Project("{FAE04EC0-301F-11D3-BF4B-00C04F79EFBC}") = "CamDoorBellApp", "CamDoorBellApp\CamDoorBellApp.csproj", "{FF2B49A8-930B-48B5-B224-D454DF4FAC5D}"
EndProject
Global
	GlobalSection(SolutionConfigurationPlatforms) = preSolution
		Debug|Any CPU = Debug|Any CPU
		Release|Any CPU = Release|Any CPU
	EndGlobalSection
	GlobalSection(ProjectConfigurationPlatforms) = postSolution
		{FF2B49A8-930B-48B5-B224-D454DF4FAC5D}.Debug|Any CPU.ActiveCfg = Debug|Any CPU
		{FF2B49A8-930B-48B5-B224-D454DF4FAC5D}.Debug|Any CPU.Build.0 = Debug|Any CPU
		{FF2B49A8-930B-48B5-B224-D454DF4FAC5D}.Release|Any CPU.ActiveCfg = Release|Any CPU
		{FF2B49A8-930B-48B5-B224-D454DF4FAC5D}.Release|Any CPU.Build.0 = Release|Any CPU
	EndGlobalSection
	GlobalSection(SolutionProperties) = preSolution
		HideSolutionNode = FALSE
	EndGlobalSection
	GlobalSection(ExtensibilityGlobals) = postSolution
		SolutionGuid = {CCEF413B-36B2-4B2D-BAE6-5A4EA62A689A}
	EndGlobalSection
EndGlobal
